{
  "name": "raphael-practice",
  "version": "1.0.0",
  "lockfileVersion": 1,
  "requires": true,
  "dependencies": {
    "@types/jquery": {
      "version": "3.2.11",
      "resolved": "https://registry.npmjs.org/@types/jquery/-/jquery-3.2.11.tgz",
      "integrity": "sha512-Hu1JquYz58pcLLJU4AWvtvo0Yq5HbEHGGJV/XlTfJtePxbpT1mzfGr6FlH08wTi/ClR2yUb21/P/lgoH+LrRow==",
      "dev": true
    },
    "@types/raphael": {
      "version": "2.1.30",
      "resolved": "https://registry.npmjs.org/@types/raphael/-/raphael-2.1.30.tgz",
      "integrity": "sha1-dsvqSlVrol6xxtf6XnGsSOcvgc8="
    },
    "eve-raphael": {
      "version": "0.5.0",
      "resolved": "https://registry.npmjs.org/eve-raphael/-/eve-raphael-0.5.0.tgz",
      "integrity": "sha1-F8dUt5K+7z+maE15z1pHxjxM2jA="
    },
    "jquery": {
      "version": "3.2.1",
      "resolved": "https://registry.npmjs.org/jquery/-/jquery-3.2.1.tgz",
      "integrity": "sha1-XE2d5lKvbNCncBVKYxu6ErAVx4c="
    },
    "jquery-mobile": {
      "version": "1.5.0-alpha.1",
      "resolved": "https://registry.npmjs.org/jquery-mobile/-/jquery-mobile-1.5.0-alpha.1.tgz",
      "integrity": "sha1-KoQQ1X873re5ad4vTancOQb5kZ4=",
      "requires": {
        "jquery": "3.2.1"
      }
    },
    "raphael": {
      "version": "2.2.7",
      "resolved": "https://registry.npmjs.org/raphael/-/raphael-2.2.7.tgz",
      "integrity": "sha1-IxsZFB+NCGmG2PrOtm+LVi7iyBA=",
      "requires": {
        "eve-raphael": "0.5.0"
      }
    }
  }
}
